<?xml version="1.0" encoding="utf-8"?>
<Project ToolsVersion="4.0" xmlns="http://schemas.microsoft.com/developer/msbuild/2003">
  <ItemGroup>
    <Filter Include="Source Files">
      <UniqueIdentifier>{4FC737F1-C7A5-4376-A066-2A32D752A2FF}</UniqueIdentifier>
      <Extensions>cpp;c;cc;cxx;def;odl;idl;hpj;bat;asm;asmx</Extensions>
    </Filter>
    <Filter Include="Header Files">
      <UniqueIdentifier>{93995380-89BD-4b04-88EB-625FBE52EBFB}</UniqueIdentifier>
      <Extensions>h;hh;hpp;hxx;hm;inl;inc;xsd</Extensions>
    </Filter>
    <Filter Include="Translation Files">
      <UniqueIdentifier>{639EADAA-A684-42e4-A9AD-28FC9BCB8F7C}</UniqueIdentifier>
      <Extensions>ts</Extensions>
    </Filter>
  </ItemGroup>
  <ItemGroup>
    <QtMoc Include="PGC.h">
      <Filter>Header Files</Filter>
    </QtMoc>
    <ClCompile Include="PGC.cpp">
      <Filter>Source Files</Filter>
    </ClCompile>
    <QtMoc Include="QtMonthYearSelector.h">
      <Filter>Header Files</Filter>
    </QtMoc>
    <QtMoc Include="QtDatePicker.h">
      <Filter>Header Files</Filter>
    </QtMoc>
    <QtMoc Include="QtDatePickerPopup.h">
      <Filter>Header Files</Filter>
    </QtMoc>
    <QtMoc Include="QtMultiSelect.h">
      <Filter>Header Files</Filter>
    </QtMoc>
    <QtMoc Include="QtMultiSelectPopup.h">
      <Filter>Header Files</Filter>
    </QtMoc>
    <QtMoc Include="QtWaitingSpinner.h">
      <Filter>Header Files</Filter>
    </QtMoc>
    <QtMoc Include="dbHandler.h">
      <Filter>Header Files</Filter>
    </QtMoc>
    <QtMoc Include="QtPassword.h">
      <Filter>Header Files</Filter>
    </QtMoc>
    <QtMoc Include="ThreadLogStream.h">
      <Filter>Header Files</Filter>
    </QtMoc>
    <QtMoc Include="callDelay.h">
      <Filter>Header Files</Filter>
    </QtMoc>
  </ItemGroup>
  <ItemGroup>
    <ClCompile Include="main.cpp">
      <Filter>Source Files</Filter>
    </ClCompile>
    <ClCompile Include="QtMonthYearSelector.cpp">
      <Filter>Source Files</Filter>
    </ClCompile>
    <ClCompile Include="QtDatePicker.cpp">
      <Filter>Source Files</Filter>
    </ClCompile>
    <ClCompile Include="QtDatePickerPopup.cpp">
      <Filter>Source Files</Filter>
    </ClCompile>
    <ClCompile Include="QtMultiSelect.cpp">
      <Filter>Source Files</Filter>
    </ClCompile>
    <ClCompile Include="QtMultiSelectPopup.cpp">
      <Filter>Source Files</Filter>
    </ClCompile>
    <ClCompile Include="QtWaitingSpinner.cpp">
      <Filter>Source Files</Filter>
    </ClCompile>
    <ClCompile Include="dbHandler.cpp">
      <Filter>Source Files</Filter>
    </ClCompile>
    <ClCompile Include="QtPassword.cpp">
      <Filter>Source Files</Filter>
    </ClCompile>
    <ClCompile Include="callDelay.cpp">
      <Filter>Source Files</Filter>
    </ClCompile>
  </ItemGroup>
  <ItemGroup>
    <ClInclude Include="dbScripts.h">
      <Filter>Header Files</Filter>
    </ClInclude>
  </ItemGroup>
</Project>